
Microsoft Visual Studio Solution File, Format Version 12.00
# Visual Studio 15
VisualStudioVersion = 15.0.27428.2043
MinimumVisualStudioVersion = 10.0.40219.1
Project("{8BC9CEB8-8B4A-11D0-8D11-00A0C91BC942}") = "FawPyServer", "FawPyServer\FawPyServer.vcxproj", "{B34A7D81-43DF-40BA-82E3-F4462DD0E6C1}"
EndProject
Global
	GlobalSection(SolutionConfigurationPlatforms) = preSolution
		Debug|x64 = Debug|x64
		Debug|x86 = Debug|x86
		Release|x64 = Release|x64
		Release|x86 = Release|x86
	EndGlobalSection
	GlobalSection(ProjectConfigurationPlatforms) = postSolution
		{B34A7D81-43DF-40BA-82E3-F4462DD0E6C1}.Debug|x64.ActiveCfg = Debug|x64
		{B34A7D81-43DF-40BA-82E3-F4462DD0E6C1}.Debug|x64.Build.0 = Debug|x64
		{B34A7D81-43DF-40BA-82E3-F4462DD0E6C1}.Debug|x86.ActiveCfg = Debug|Win32
		{B34A7D81-43DF-40BA-82E3-F4462DD0E6C1}.Debug|x86.Build.0 = Debug|Win32
		{B34A7D81-43DF-40BA-82E3-F4462DD0E6C1}.Release|x64.ActiveCfg = Release|x64
		{B34A7D81-43DF-40BA-82E3-F4462DD0E6C1}.Release|x64.Build.0 = Release|x64
		{B34A7D81-43DF-40BA-82E3-F4462DD0E6C1}.Release|x86.ActiveCfg = Release|Win32
		{B34A7D81-43DF-40BA-82E3-F4462DD0E6C1}.Release|x86.Build.0 = Release|Win32
	EndGlobalSection
	GlobalSection(SolutionProperties) = preSolution
		HideSolutionNode = FALSE
	EndGlobalSection
	GlobalSection(ExtensibilityGlobals) = postSolution
		SolutionGuid = {C092E57F-3652-4001-B173-5F37390EBE54}
	EndGlobalSection
EndGlobal
